
Microsoft Visual Studio Solution File, Format Version 12.00
# Visual Studio Version 17
VisualStudioVersion = 17.7.34202.233
MinimumVisualStudioVersion = 10.0.40219.1
Project("{9A19103F-16F7-4668-BE54-9A1E7A4F7556}") = "three-loop-challenge", "three-loop-challenge.csproj", "{8B70AB4A-E095-4F6F-A0F3-5E947E539A5B}"
EndProject
Global
	GlobalSection(SolutionConfigurationPlatforms) = preSolution
		Debug|Any CPU = Debug|Any CPU
		Release|Any CPU = Release|Any CPU
	EndGlobalSection
	GlobalSection(ProjectConfigurationPlatforms) = postSolution
		{8B70AB4A-E095-4F6F-A0F3-5E947E539A5B}.Debug|Any CPU.ActiveCfg = Debug|Any CPU
		{8B70AB4A-E095-4F6F-A0F3-5E947E539A5B}.Debug|Any CPU.Build.0 = Debug|Any CPU
		{8B70AB4A-E095-4F6F-A0F3-5E947E539A5B}.Release|Any CPU.ActiveCfg = Release|Any CPU
		{8B70AB4A-E095-4F6F-A0F3-5E947E539A5B}.Release|Any CPU.Build.0 = Release|Any CPU
	EndGlobalSection
	GlobalSection(SolutionProperties) = preSolution
		HideSolutionNode = FALSE
	EndGlobalSection
	GlobalSection(ExtensibilityGlobals) = postSolution
		SolutionGuid = {4A929FD1-3049-4102-A5EF-808DD8B35EC5}
	EndGlobalSection
EndGlobal
