
Microsoft Visual Studio Solution File, Format Version 12.00
# Visual Studio Version 17
VisualStudioVersion = 17.5.002.0
MinimumVisualStudioVersion = 10.0.40219.1
Project("{9A19103F-16F7-4668-BE54-9A1E7A4F7556}") = "Starter", "Starter.csproj", "{DD8634AB-161C-4A6C-92DF-A399184FBAD6}"
EndProject
Global
	GlobalSection(SolutionConfigurationPlatforms) = preSolution
		Debug|Any CPU = Debug|Any CPU
		Release|Any CPU = Release|Any CPU
	EndGlobalSection
	GlobalSection(ProjectConfigurationPlatforms) = postSolution
		{DD8634AB-161C-4A6C-92DF-A399184FBAD6}.Debug|Any CPU.ActiveCfg = Debug|Any CPU
		{DD8634AB-161C-4A6C-92DF-A399184FBAD6}.Debug|Any CPU.Build.0 = Debug|Any CPU
		{DD8634AB-161C-4A6C-92DF-A399184FBAD6}.Release|Any CPU.ActiveCfg = Release|Any CPU
		{DD8634AB-161C-4A6C-92DF-A399184FBAD6}.Release|Any CPU.Build.0 = Release|Any CPU
	EndGlobalSection
	GlobalSection(SolutionProperties) = preSolution
		HideSolutionNode = FALSE
	EndGlobalSection
	GlobalSection(ExtensibilityGlobals) = postSolution
		SolutionGuid = {4139A3B5-419B-4AFE-91DE-312E997827B8}
	EndGlobalSection
EndGlobal
